
Microsoft Visual Studio Solution File, Format Version 11.00
# Visual Studio 2010
Project("{FAE04EC0-301F-11D3-BF4B-00C04F79EFBC}") = "D4S.SharePoint.Core", "D4S.SharePoint.Core\D4S.SharePoint.Core.csproj", "{6CCF5BEB-431B-493D-B7EA-276EB159CABA}"
EndProject
Global
	GlobalSection(SubversionScc) = preSolution
		Svn-Managed = True
		Manager = AnkhSVN - Subversion Support for Visual Studio
	EndGlobalSection
	GlobalSection(SolutionConfigurationPlatforms) = preSolution
		Debug|Any CPU = Debug|Any CPU
		Debug|Mixed Platforms = Debug|Mixed Platforms
		Debug|x86 = Debug|x86
		Release|Any CPU = Release|Any CPU
		Release|Mixed Platforms = Release|Mixed Platforms
		Release|x86 = Release|x86
	EndGlobalSection
	GlobalSection(ProjectConfigurationPlatforms) = postSolution
		{6CCF5BEB-431B-493D-B7EA-276EB159CABA}.Debug|Any CPU.ActiveCfg = Debug|Any CPU
		{6CCF5BEB-431B-493D-B7EA-276EB159CABA}.Debug|Any CPU.Build.0 = Debug|Any CPU
		{6CCF5BEB-431B-493D-B7EA-276EB159CABA}.Debug|Mixed Platforms.ActiveCfg = Debug|Any CPU
		{6CCF5BEB-431B-493D-B7EA-276EB159CABA}.Debug|Mixed Platforms.Build.0 = Debug|Any CPU
		{6CCF5BEB-431B-493D-B7EA-276EB159CABA}.Debug|x86.ActiveCfg = Debug|Any CPU
		{6CCF5BEB-431B-493D-B7EA-276EB159CABA}.Release|Any CPU.ActiveCfg = Release|Any CPU
		{6CCF5BEB-431B-493D-B7EA-276EB159CABA}.Release|Any CPU.Build.0 = Release|Any CPU
		{6CCF5BEB-431B-493D-B7EA-276EB159CABA}.Release|Mixed Platforms.ActiveCfg = Release|Any CPU
		{6CCF5BEB-431B-493D-B7EA-276EB159CABA}.Release|Mixed Platforms.Build.0 = Release|Any CPU
		{6CCF5BEB-431B-493D-B7EA-276EB159CABA}.Release|x86.ActiveCfg = Release|Any CPU
	EndGlobalSection
	GlobalSection(SolutionProperties) = preSolution
		HideSolutionNode = FALSE
	EndGlobalSection
EndGlobal
